
Microsoft Visual Studio Solution File, Format Version 12.00
# Visual Studio Version 17
VisualStudioVersion = 17.0.32014.148
MinimumVisualStudioVersion = 10.0.40219.1
Project("{FAE04EC0-301F-11D3-BF4B-00C04F79EFBC}") = "TexasTechProject", "TexasTechProject\TexasTechProject.csproj", "{942FCF67-162D-4B42-96FA-37605E530EF1}"
EndProject
Global
	GlobalSection(SolutionConfigurationPlatforms) = preSolution
		Debug|Any CPU = Debug|Any CPU
		Release|Any CPU = Release|Any CPU
	EndGlobalSection
	GlobalSection(ProjectConfigurationPlatforms) = postSolution
		{942FCF67-162D-4B42-96FA-37605E530EF1}.Debug|Any CPU.ActiveCfg = Debug|Any CPU
		{942FCF67-162D-4B42-96FA-37605E530EF1}.Debug|Any CPU.Build.0 = Debug|Any CPU
		{942FCF67-162D-4B42-96FA-37605E530EF1}.Release|Any CPU.ActiveCfg = Release|Any CPU
		{942FCF67-162D-4B42-96FA-37605E530EF1}.Release|Any CPU.Build.0 = Release|Any CPU
	EndGlobalSection
	GlobalSection(SolutionProperties) = preSolution
		HideSolutionNode = FALSE
	EndGlobalSection
	GlobalSection(ExtensibilityGlobals) = postSolution
		SolutionGuid = {A24C8247-4AE5-48FC-B533-9433B9DA3159}
	EndGlobalSection
EndGlobal
